// !$*UTF8*$!
{
	archiveVersion = 1;
	classes = {
	};
	objectVersion = 50;
	objects = {

/* Begin PBXBuildFile section */
		852B79972499380C00FB1648 /* ConnectorView.swift in Sources */ = {isa = PBXBuildFile; fileRef = 852B79962499380C00FB1648 /* ConnectorView.swift */; };
		859437C3247D6A9F0029290F /* AppDelegate.swift in Sources */ = {isa = PBXBuildFile; fileRef = 859437C2247D6A9F0029290F /* AppDelegate.swift */; };
		859437C5247D6A9F0029290F /* BracketViewController.swift in Sources */ = {isa = PBXBuildFile; fileRef = 859437C4247D6A9F0029290F /* BracketViewController.swift */; };
		859437C8247D6A9F0029290F /* Main.storyboard in Resources */ = {isa = PBXBuildFile; fileRef = 859437C6247D6A9F0029290F /* Main.storyboard */; };
		859437CA247D6AA10029290F /* Assets.xcassets in Resources */ = {isa = PBXBuildFile; fileRef = 859437C9247D6AA10029290F /* Assets.xcassets */; };
		859437CD247D6AA10029290F /* LaunchScreen.storyboard in Resources */ = {isa = PBXBuildFile; fileRef = 859437CB247D6AA10029290F /* LaunchScreen.storyboard */; };
		859437D5247D6D2F0029290F /* Teams.swift in Sources */ = {isa = PBXBuildFile; fileRef = 859437D4247D6D2F0029290F /* Teams.swift */; };
		859437D7247D6D420029290F /* Games.swift in Sources */ = {isa = PBXBuildFile; fileRef = 859437D6247D6D420029290F /* Games.swift */; };
		85A504C5249119A400BC250E /* AppDelegate.swift in Sources */ = {isa = PBXBuildFile; fileRef = 85A504C4249119A400BC250E /* AppDelegate.swift */; };
		85A504C7249119A400BC250E /* SceneDelegate.swift in Sources */ = {isa = PBXBuildFile; fileRef = 85A504C6249119A400BC250E /* SceneDelegate.swift */; };
		85A504C9249119A400BC250E /* ViewController.swift in Sources */ = {isa = PBXBuildFile; fileRef = 85A504C8249119A400BC250E /* ViewController.swift */; };
		85A504CC249119A400BC250E /* Main.storyboard in Resources */ = {isa = PBXBuildFile; fileRef = 85A504CA249119A400BC250E /* Main.storyboard */; };
		85A504D1249119A500BC250E /* LaunchScreen.storyboard in Resources */ = {isa = PBXBuildFile; fileRef = 85A504CF249119A500BC250E /* LaunchScreen.storyboard */; };
		85A504D6249119AF00BC250E /* Assets.xcassets in Resources */ = {isa = PBXBuildFile; fileRef = 859437C9247D6AA10029290F /* Assets.xcassets */; };
		85CEAE4B247D8E7D00C63DE7 /* GameCell.swift in Sources */ = {isa = PBXBuildFile; fileRef = 85CEAE4A247D8E7D00C63DE7 /* GameCell.swift */; };
/* End PBXBuildFile section */

/* Begin PBXFileReference section */
		852B79962499380C00FB1648 /* ConnectorView.swift */ = {isa = PBXFileReference; lastKnownFileType = sourcecode.swift; path = ConnectorView.swift; sourceTree = "<group>"; };
		859437BF247D6A9F0029290F /* BracketExample.app */ = {isa = PBXFileReference; explicitFileType = wrapper.application; includeInIndex = 0; path = BracketExample.app; sourceTree = BUILT_PRODUCTS_DIR; };
		859437C2247D6A9F0029290F /* AppDelegate.swift */ = {isa = PBXFileReference; lastKnownFileType = sourcecode.swift; path = AppDelegate.swift; sourceTree = "<group>"; };
		859437C4247D6A9F0029290F /* BracketViewController.swift */ = {isa = PBXFileReference; lastKnownFileType = sourcecode.swift; path = BracketViewController.swift; sourceTree = "<group>"; };
		859437C7247D6A9F0029290F /* Base */ = {isa = PBXFileReference; lastKnownFileType = file.storyboard; name = Base; path = Base.lproj/Main.storyboard; sourceTree = "<group>"; };
		859437C9247D6AA10029290F /* Assets.xcassets */ = {isa = PBXFileReference; lastKnownFileType = folder.assetcatalog; path = Assets.xcassets; sourceTree = "<group>"; };
		859437CC247D6AA10029290F /* Base */ = {isa = PBXFileReference; lastKnownFileType = file.storyboard; name = Base; path = Base.lproj/LaunchScreen.storyboard; sourceTree = "<group>"; };
		859437CE247D6AA10029290F /* Info.plist */ = {isa = PBXFileReference; lastKnownFileType = text.plist.xml; path = Info.plist; sourceTree = "<group>"; };
		859437D4247D6D2F0029290F /* Teams.swift */ = {isa = PBXFileReference; lastKnownFileType = sourcecode.swift; path = Teams.swift; sourceTree = "<group>"; };
		859437D6247D6D420029290F /* Games.swift */ = {isa = PBXFileReference; lastKnownFileType = sourcecode.swift; path = Games.swift; sourceTree = "<group>"; };
		85A504C2249119A400BC250E /* BracketExample-ios.app */ = {isa = PBXFileReference; explicitFileType = wrapper.application; includeInIndex = 0; path = "BracketExample-ios.app"; sourceTree = BUILT_PRODUCTS_DIR; };
		85A504C4249119A400BC250E /* AppDelegate.swift */ = {isa = PBXFileReference; lastKnownFileType = sourcecode.swift; path = AppDelegate.swift; sourceTree = "<group>"; };
		85A504C6249119A400BC250E /* SceneDelegate.swift */ = {isa = PBXFileReference; lastKnownFileType = sourcecode.swift; path = SceneDelegate.swift; sourceTree = "<group>"; };
		85A504C8249119A400BC250E /* ViewController.swift */ = {isa = PBXFileReference; lastKnownFileType = sourcecode.swift; path = ViewController.swift; sourceTree = "<group>"; };
		85A504CB249119A400BC250E /* Base */ = {isa = PBXFileReference; lastKnownFileType = file.storyboard; name = Base; path = Base.lproj/Main.storyboard; sourceTree = "<group>"; };
		85A504CD249119A500BC250E /* Assets.xcassets */ = {isa = PBXFileReference; lastKnownFileType = folder.assetcatalog; path = Assets.xcassets; sourceTree = "<group>"; };
		85A504D0249119A500BC250E /* Base */ = {isa = PBXFileReference; lastKnownFileType = file.storyboard; name = Base; path = Base.lproj/LaunchScreen.storyboard; sourceTree = "<group>"; };
		85A504D2249119A500BC250E /* Info.plist */ = {isa = PBXFileReference; lastKnownFileType = text.plist.xml; path = Info.plist; sourceTree = "<group>"; };
		85CEAE4A247D8E7D00C63DE7 /* GameCell.swift */ = {isa = PBXFileReference; lastKnownFileType = sourcecode.swift; path = GameCell.swift; sourceTree = "<group>"; };
/* End PBXFileReference section */

/* Begin PBXFrameworksBuildPhase section */
		859437BC247D6A9F0029290F /* Frameworks */ = {
			isa = PBXFrameworksBuildPhase;
			buildActionMask = 2147483647;
			files = (
			);
			runOnlyForDeploymentPostprocessing = 0;
		};
		85A504BF249119A400BC250E /* Frameworks */ = {
			isa = PBXFrameworksBuildPhase;
			buildActionMask = 2147483647;
			files = (
			);
			runOnlyForDeploymentPostprocessing = 0;
		};
/* End PBXFrameworksBuildPhase section */

/* Begin PBXGroup section */
		859437B6247D6A9E0029290F = {
			isa = PBXGroup;
			children = (
				859437C1247D6A9F0029290F /* BracketExample */,
				85A504C3249119A400BC250E /* BracketExample-ios */,
				859437C0247D6A9F0029290F /* Products */,
			);
			sourceTree = "<group>";
		};
		859437C0247D6A9F0029290F /* Products */ = {
			isa = PBXGroup;
			children = (
				859437BF247D6A9F0029290F /* BracketExample.app */,
				85A504C2249119A400BC250E /* BracketExample-ios.app */,
			);
			name = Products;
			sourceTree = "<group>";
		};
		859437C1247D6A9F0029290F /* BracketExample */ = {
			isa = PBXGroup;
			children = (
				859437C2247D6A9F0029290F /* AppDelegate.swift */,
				859437C4247D6A9F0029290F /* BracketViewController.swift */,
				852B79962499380C00FB1648 /* ConnectorView.swift */,
				85CEAE4A247D8E7D00C63DE7 /* GameCell.swift */,
				859437D4247D6D2F0029290F /* Teams.swift */,
				859437D6247D6D420029290F /* Games.swift */,
				859437C6247D6A9F0029290F /* Main.storyboard */,
				859437C9247D6AA10029290F /* Assets.xcassets */,
				859437CB247D6AA10029290F /* LaunchScreen.storyboard */,
				859437CE247D6AA10029290F /* Info.plist */,
			);
			path = BracketExample;
			sourceTree = "<group>";
		};
		85A504C3249119A400BC250E /* BracketExample-ios */ = {
			isa = PBXGroup;
			children = (
				85A504C4249119A400BC250E /* AppDelegate.swift */,
				85A504C6249119A400BC250E /* SceneDelegate.swift */,
				85A504C8249119A400BC250E /* ViewController.swift */,
				85A504CA249119A400BC250E /* Main.storyboard */,
				85A504CD249119A500BC250E /* Assets.xcassets */,
				85A504CF249119A500BC250E /* LaunchScreen.storyboard */,
				85A504D2249119A500BC250E /* Info.plist */,
			);
			path = "BracketExample-ios";
			sourceTree = "<group>";
		};
/* End PBXGroup section */

/* Begin PBXNativeTarget section */
		859437BE247D6A9F0029290F /* BracketExample */ = {
			isa = PBXNativeTarget;
			buildConfigurationList = 859437D1247D6AA10029290F /* Build configuration list for PBXNativeTarget "BracketExample" */;
			buildPhases = (
				859437BB247D6A9F0029290F /* Sources */,
				859437BC247D6A9F0029290F /* Frameworks */,
				859437BD247D6A9F0029290F /* Resources */,
			);
			buildRules = (
			);
			dependencies = (
			);
			name = BracketExample;
			productName = BracketExample;
			productReference = 859437BF247D6A9F0029290F /* BracketExample.app */;
			productType = "com.apple.product-type.application";
		};
		85A504C1249119A400BC250E /* BracketExample-ios */ = {
			isa = PBXNativeTarget;
			buildConfigurationList = 85A504D5249119A500BC250E /* Build configuration list for PBXNativeTarget "BracketExample-ios" */;
			buildPhases = (
				85A504BE249119A400BC250E /* Sources */,
				85A504BF249119A400BC250E /* Frameworks */,
				85A504C0249119A400BC250E /* Resources */,
			);
			buildRules = (
			);
			dependencies = (
			);
			name = "BracketExample-ios";
			productName = "BracketExample-ios";
			productReference = 85A504C2249119A400BC250E /* BracketExample-ios.app */;
			productType = "com.apple.product-type.application";
		};
/* End PBXNativeTarget section */

/* Begin PBXProject section */
		859437B7247D6A9F0029290F /* Project object */ = {
			isa = PBXProject;
			attributes = {
				LastSwiftUpdateCheck = 1150;
				LastUpgradeCheck = 1140;
				ORGANIZATIONNAME = "Kyle Watson";
				TargetAttributes = {
					859437BE247D6A9F0029290F = {
						CreatedOnToolsVersion = 11.4.1;
					};
					85A504C1249119A400BC250E = {
						CreatedOnToolsVersion = 11.5;
					};
				};
			};
			buildConfigurationList = 859437BA247D6A9F0029290F /* Build configuration list for PBXProject "BracketExample" */;
			compatibilityVersion = "Xcode 9.3";
			developmentRegion = en;
			hasScannedForEncodings = 0;
			knownRegions = (
				en,
				Base,
			);
			mainGroup = 859437B6247D6A9E0029290F;
			productRefGroup = 859437C0247D6A9F0029290F /* Products */;
			projectDirPath = "";
			projectRoot = "";
			targets = (
				859437BE247D6A9F0029290F /* BracketExample */,
				85A504C1249119A400BC250E /* BracketExample-ios */,
			);
		};
/* End PBXProject section */

/* Begin PBXResourcesBuildPhase section */
		859437BD247D6A9F0029290F /* Resources */ = {
			isa = PBXResourcesBuildPhase;
			buildActionMask = 2147483647;
			files = (
				859437CD247D6AA10029290F /* LaunchScreen.storyboard in Resources */,
				859437CA247D6AA10029290F /* Assets.xcassets in Resources */,
				859437C8247D6A9F0029290F /* Main.storyboard in Resources */,
			);
			runOnlyForDeploymentPostprocessing = 0;
		};
		85A504C0249119A400BC250E /* Resources */ = {
			isa = PBXResourcesBuildPhase;
			buildActionMask = 2147483647;
			files = (
				85A504D1249119A500BC250E /* LaunchScreen.storyboard in Resources */,
				85A504D6249119AF00BC250E /* Assets.xcassets in Resources */,
				85A504CC249119A400BC250E /* Main.storyboard in Resources */,
			);
			runOnlyForDeploymentPostprocessing = 0;
		};
/* End PBXResourcesBuildPhase section */

/* Begin PBXSourcesBuildPhase section */
		859437BB247D6A9F0029290F /* Sources */ = {
			isa = PBXSourcesBuildPhase;
			buildActionMask = 2147483647;
			files = (
				852B79972499380C00FB1648 /* ConnectorView.swift in Sources */,
				859437D5247D6D2F0029290F /* Teams.swift in Sources */,
				859437C5247D6A9F0029290F /* BracketViewController.swift in Sources */,
				859437C3247D6A9F0029290F /* AppDelegate.swift in Sources */,
				859437D7247D6D420029290F /* Games.swift in Sources */,
				85CEAE4B247D8E7D00C63DE7 /* GameCell.swift in Sources */,
			);
			runOnlyForDeploymentPostprocessing = 0;
		};
		85A504BE249119A400BC250E /* Sources */ = {
			isa = PBXSourcesBuildPhase;
			buildActionMask = 2147483647;
			files = (
				85A504C9249119A400BC250E /* ViewController.swift in Sources */,
				85A504C5249119A400BC250E /* AppDelegate.swift in Sources */,
				85A504C7249119A400BC250E /* SceneDelegate.swift in Sources */,
			);
			runOnlyForDeploymentPostprocessing = 0;
		};
/* End PBXSourcesBuildPhase section */

/* Begin PBXVariantGroup section */
		859437C6247D6A9F0029290F /* Main.storyboard */ = {
			isa = PBXVariantGroup;
			children = (
				859437C7247D6A9F0029290F /* Base */,
			);
			name = Main.storyboard;
			sourceTree = "<group>";
		};
		859437CB247D6AA10029290F /* LaunchScreen.storyboard */ = {
			isa = PBXVariantGroup;
			children = (
				859437CC247D6AA10029290F /* Base */,
			);
			name = LaunchScreen.storyboard;
			sourceTree = "<group>";
		};
		85A504CA249119A400BC250E /* Main.storyboard */ = {
			isa = PBXVariantGroup;
			children = (
				85A504CB249119A400BC250E /* Base */,
			);
			name = Main.storyboard;
			sourceTree = "<group>";
		};
		85A504CF249119A500BC250E /* LaunchScreen.storyboard */ = {
			isa = PBXVariantGroup;
			children = (
				85A504D0249119A500BC250E /* Base */,
			);
			name = LaunchScreen.storyboard;
			sourceTree = "<group>";
		};
/* End PBXVariantGroup section */

/* Begin XCBuildConfiguration section */
		859437CF247D6AA10029290F /* Debug */ = {
			isa = XCBuildConfiguration;
			buildSettings = {
				ALWAYS_SEARCH_USER_PATHS = NO;
				CLANG_ANALYZER_NONNULL = YES;
				CLANG_ANALYZER_NUMBER_OBJECT_CONVERSION = YES_AGGRESSIVE;
				CLANG_CXX_LANGUAGE_STANDARD = "gnu++14";
				CLANG_CXX_LIBRARY = "libc++";
				CLANG_ENABLE_MODULES = YES;
				CLANG_ENABLE_OBJC_ARC = YES;
				CLANG_ENABLE_OBJC_WEAK = YES;
				CLANG_WARN_BLOCK_CAPTURE_AUTORELEASING = YES;
				CLANG_WARN_BOOL_CONVERSION = YES;
				CLANG_WARN_COMMA = YES;
				CLANG_WARN_CONSTANT_CONVERSION = YES;
				CLANG_WARN_DEPRECATED_OBJC_IMPLEMENTATIONS = YES;
				CLANG_WARN_DIRECT_OBJC_ISA_USAGE = YES_ERROR;
				CLANG_WARN_DOCUMENTATION_COMMENTS = YES;
				CLANG_WARN_EMPTY_BODY = YES;
				CLANG_WARN_ENUM_CONVERSION = YES;
				CLANG_WARN_INFINITE_RECURSION = YES;
				CLANG_WARN_INT_CONVERSION = YES;
				CLANG_WARN_NON_LITERAL_NULL_CONVERSION = YES;
				CLANG_WARN_OBJC_IMPLICIT_RETAIN_SELF = YES;
				CLANG_WARN_OBJC_LITERAL_CONVERSION = YES;
				CLANG_WARN_OBJC_ROOT_CLASS = YES_ERROR;
				CLANG_WARN_RANGE_LOOP_ANALYSIS = YES;
				CLANG_WARN_STRICT_PROTOTYPES = YES;
				CLANG_WARN_SUSPICIOUS_MOVE = YES;
				CLANG_WARN_UNGUARDED_AVAILABILITY = YES_AGGRESSIVE;
				CLANG_WARN_UNREACHABLE_CODE = YES;
				CLANG_WARN__DUPLICATE_METHOD_MATCH = YES;
				COPY_PHASE_STRIP = NO;
				DEBUG_INFORMATION_FORMAT = dwarf;
				ENABLE_STRICT_OBJC_MSGSEND = YES;
				ENABLE_TESTABILITY = YES;
				GCC_C_LANGUAGE_STANDARD = gnu11;
				GCC_DYNAMIC_NO_PIC = NO;
				GCC_NO_COMMON_BLOCKS = YES;
				GCC_OPTIMIZATION_LEVEL = 0;
				GCC_PREPROCESSOR_DEFINITIONS = (
					"DEBUG=1",
					"$(inherited)",
				);
				GCC_WARN_64_TO_32_BIT_CONVERSION = YES;
				GCC_WARN_ABOUT_RETURN_TYPE = YES_ERROR;
				GCC_WARN_UNDECLARED_SELECTOR = YES;
				GCC_WARN_UNINITIALIZED_AUTOS = YES_AGGRESSIVE;
				GCC_WARN_UNUSED_FUNCTION = YES;
				GCC_WARN_UNUSED_VARIABLE = YES;
				MTL_ENABLE_DEBUG_INFO = INCLUDE_SOURCE;
				MTL_FAST_MATH = YES;
				ONLY_ACTIVE_ARCH = YES;
				SDKROOT = appletvos;
				SWIFT_ACTIVE_COMPILATION_CONDITIONS = DEBUG;
				SWIFT_OPTIMIZATION_LEVEL = "-Onone";
				TVOS_DEPLOYMENT_TARGET = 13.4;
			};
			name = Debug;
		};
		859437D0247D6AA10029290F /* Release */ = {
			isa = XCBuildConfiguration;
			buildSettings = {
				ALWAYS_SEARCH_USER_PATHS = NO;
				CLANG_ANALYZER_NONNULL = YES;
				CLANG_ANALYZER_NUMBER_OBJECT_CONVERSION = YES_AGGRESSIVE;
				CLANG_CXX_LANGUAGE_STANDARD = "gnu++14";
				CLANG_CXX_LIBRARY = "libc++";
				CLANG_ENABLE_MODULES = YES;
				CLANG_ENABLE_OBJC_ARC = YES;
				CLANG_ENABLE_OBJC_WEAK = YES;
				CLANG_WARN_BLOCK_CAPTURE_AUTORELEASING = YES;
				CLANG_WARN_BOOL_CONVERSION = YES;
				CLANG_WARN_COMMA = YES;
				CLANG_WARN_CONSTANT_CONVERSION = YES;
				CLANG_WARN_DEPRECATED_OBJC_IMPLEMENTATIONS = YES;
				CLANG_WARN_DIRECT_OBJC_ISA_USAGE = YES_ERROR;
				CLANG_WARN_DOCUMENTATION_COMMENTS = YES;
				CLANG_WARN_EMPTY_BODY = YES;
				CLANG_WARN_ENUM_CONVERSION = YES;
				CLANG_WARN_INFINITE_RECURSION = YES;
				CLANG_WARN_INT_CONVERSION = YES;
				CLANG_WARN_NON_LITERAL_NULL_CONVERSION = YES;
				CLANG_WARN_OBJC_IMPLICIT_RETAIN_SELF = YES;
				CLANG_WARN_OBJC_LITERAL_CONVERSION = YES;
				CLANG_WARN_OBJC_ROOT_CLASS = YES_ERROR;
				CLANG_WARN_RANGE_LOOP_ANALYSIS = YES;
				CLANG_WARN_STRICT_PROTOTYPES = YES;
				CLANG_WARN_SUSPICIOUS_MOVE = YES;
				CLANG_WARN_UNGUARDED_AVAILABILITY = YES_AGGRESSIVE;
				CLANG_WARN_UNREACHABLE_CODE = YES;
				CLANG_WARN__DUPLICATE_METHOD_MATCH = YES;
				COPY_PHASE_STRIP = NO;
				DEBUG_INFORMATION_FORMAT = "dwarf-with-dsym";
				ENABLE_NS_ASSERTIONS = NO;
				ENABLE_STRICT_OBJC_MSGSEND = YES;
				GCC_C_LANGUAGE_STANDARD = gnu11;
				GCC_NO_COMMON_BLOCKS = YES;
				GCC_WARN_64_TO_32_BIT_CONVERSION = YES;
				GCC_WARN_ABOUT_RETURN_TYPE = YES_ERROR;
				GCC_WARN_UNDECLARED_SELECTOR = YES;
				GCC_WARN_UNINITIALIZED_AUTOS = YES_AGGRESSIVE;
				GCC_WARN_UNUSED_FUNCTION = YES;
				GCC_WARN_UNUSED_VARIABLE = YES;
				MTL_ENABLE_DEBUG_INFO = NO;
				MTL_FAST_MATH = YES;
				SDKROOT = appletvos;
				SWIFT_COMPILATION_MODE = wholemodule;
				SWIFT_OPTIMIZATION_LEVEL = "-O";
				TVOS_DEPLOYMENT_TARGET = 13.4;
				VALIDATE_PRODUCT = YES;
			};
			name = Release;
		};
		859437D2247D6AA10029290F /* Debug */ = {
			isa = XCBuildConfiguration;
			buildSettings = {
				ASSETCATALOG_COMPILER_APPICON_NAME = "App Icon & Top Shelf Image";
				CODE_SIGN_STYLE = Automatic;
				INFOPLIST_FILE = BracketExample/Info.plist;
				LD_RUNPATH_SEARCH_PATHS = (
					"$(inherited)",
					"@executable_path/Frameworks",
				);
				PRODUCT_BUNDLE_IDENTIFIER = com.kylewats.BracketExample;
				PRODUCT_NAME = "$(TARGET_NAME)";
				SWIFT_VERSION = 5.0;
				TARGETED_DEVICE_FAMILY = 3;
			};
			name = Debug;
		};
		859437D3247D6AA10029290F /* Release */ = {
			isa = XCBuildConfiguration;
			buildSettings = {
				ASSETCATALOG_COMPILER_APPICON_NAME = "App Icon & Top Shelf Image";
				CODE_SIGN_STYLE = Automatic;
				INFOPLIST_FILE = BracketExample/Info.plist;
				LD_RUNPATH_SEARCH_PATHS = (
					"$(inherited)",
					"@executable_path/Frameworks",
				);
				PRODUCT_BUNDLE_IDENTIFIER = com.kylewats.BracketExample;
				PRODUCT_NAME = "$(TARGET_NAME)";
				SWIFT_VERSION = 5.0;
				TARGETED_DEVICE_FAMILY = 3;
			};
			name = Release;
		};
		85A504D3249119A500BC250E /* Debug */ = {
			isa = XCBuildConfiguration;
			buildSettings = {
				ASSETCATALOG_COMPILER_APPICON_NAME = AppIcon;
				CODE_SIGN_STYLE = Automatic;
				INFOPLIST_FILE = "BracketExample-ios/Info.plist";
				IPHONEOS_DEPLOYMENT_TARGET = 13.5;
				LD_RUNPATH_SEARCH_PATHS = (
					"$(inherited)",
					"@executable_path/Frameworks",
				);
				PRODUCT_BUNDLE_IDENTIFIER = "com.kylewats.BracketExample-ios";
				PRODUCT_NAME = "$(TARGET_NAME)";
				SDKROOT = iphoneos;
				SWIFT_VERSION = 5.0;
				TARGETED_DEVICE_FAMILY = "1,2";
			};
			name = Debug;
		};
		85A504D4249119A500BC250E /* Release */ = {
			isa = XCBuildConfiguration;
			buildSettings = {
				ASSETCATALOG_COMPILER_APPICON_NAME = AppIcon;
				CODE_SIGN_STYLE = Automatic;
				INFOPLIST_FILE = "BracketExample-ios/Info.plist";
				IPHONEOS_DEPLOYMENT_TARGET = 13.5;
				LD_RUNPATH_SEARCH_PATHS = (
					"$(inherited)",
					"@executable_path/Frameworks",
				);
				PRODUCT_BUNDLE_IDENTIFIER = "com.kylewats.BracketExample-ios";
				PRODUCT_NAME = "$(TARGET_NAME)";
				SDKROOT = iphoneos;
				SWIFT_VERSION = 5.0;
				TARGETED_DEVICE_FAMILY = "1,2";
			};
			name = Release;
		};
/* End XCBuildConfiguration section */

/* Begin XCConfigurationList section */
		859437BA247D6A9F0029290F /* Build configuration list for PBXProject "BracketExample" */ = {
			isa = XCConfigurationList;
			buildConfigurations = (
				859437CF247D6AA10029290F /* Debug */,
				859437D0247D6AA10029290F /* Release */,
			);
			defaultConfigurationIsVisible = 0;
			defaultConfigurationName = Release;
		};
		859437D1247D6AA10029290F /* Build configuration list for PBXNativeTarget "BracketExample" */ = {
			isa = XCConfigurationList;
			buildConfigurations = (
				859437D2247D6AA10029290F /* Debug */,
				859437D3247D6AA10029290F /* Release */,
			);
			defaultConfigurationIsVisible = 0;
			defaultConfigurationName = Release;
		};
		85A504D5249119A500BC250E /* Build configuration list for PBXNativeTarget "BracketExample-ios" */ = {
			isa = XCConfigurationList;
			buildConfigurations = (
				85A504D3249119A500BC250E /* Debug */,
				85A504D4249119A500BC250E /* Release */,
			);
			defaultConfigurationIsVisible = 0;
			defaultConfigurationName = Release;
		};
/* End XCConfigurationList section */
	};
	rootObject = 859437B7247D6A9F0029290F /* Project object */;
}
